
Microsoft Visual Studio Solution File, Format Version 12.00
# Visual Studio 14
VisualStudioVersion = 14.0.25123.0
MinimumVisualStudioVersion = 10.0.40219.1
Project("{8BC9CEB8-8B4A-11D0-8D11-00A0C91BC942}") = "kutils", "..\kutils\build\kutils.vcxproj", "{711A4164-A82E-47B1-A01B-B68FB3853E62}"
EndProject
Project("{8BC9CEB8-8B4A-11D0-8D11-00A0C91BC942}") = "demoutils", "..\kutils\build\demoutils.vcxproj", "{253A25E8-46C5-43AC-B6F0-E896FC673A32}"
	ProjectSection(ProjectDependencies) = postProject
		{711A4164-A82E-47B1-A01B-B68FB3853E62} = {711A4164-A82E-47B1-A01B-B68FB3853E62}
	EndProjectSection
EndProject
Project("{8BC9CEB8-8B4A-11D0-8D11-00A0C91BC942}") = "kmodel", "..\kmodel\build\kmodel.vcxproj", "{7B6DF627-8E9D-45DF-A625-D69D419B8019}"
	ProjectSection(ProjectDependencies) = postProject
		{253A25E8-46C5-43AC-B6F0-E896FC673A32} = {253A25E8-46C5-43AC-B6F0-E896FC673A32}
		{711A4164-A82E-47B1-A01B-B68FB3853E62} = {711A4164-A82E-47B1-A01B-B68FB3853E62}
	EndProjectSection
EndProject
Project("{8BC9CEB8-8B4A-11D0-8D11-00A0C91BC942}") = "leonApp", "..\kmodel\build\leonApp.vcxproj", "{B50A8F29-C7D5-47EF-8756-C4EC818459CF}"
EndProject
Project("{8BC9CEB8-8B4A-11D0-8D11-00A0C91BC942}") = "mtchApp", "..\kmodel\build\mtchApp.vcxproj", "{8454D230-A4B2-4473-9EED-94001545AA43}"
EndProject
Project("{8BC9CEB8-8B4A-11D0-8D11-00A0C91BC942}") = "demomodel", "..\kmodel\build\demomodel.vcxproj", "{5D701F83-6AD6-4636-A167-43371EB1BE66}"
EndProject
Project("{8BC9CEB8-8B4A-11D0-8D11-00A0C91BC942}") = "kgraph", "..\kgraph\build\kgraph.vcxproj", "{A74283BF-758B-416D-A550-487D4C4C850D}"
EndProject
Project("{8BC9CEB8-8B4A-11D0-8D11-00A0C91BC942}") = "tui", "..\kgraph\build\tui.vcxproj", "{E85484A5-6E62-4C07-91DC-381634C17EAC}"
EndProject
Project("{8BC9CEB8-8B4A-11D0-8D11-00A0C91BC942}") = "ftetris", "..\kgraph\build\ftetris.vcxproj", "{A50F9914-7614-4C3E-B299-D02406A52969}"
EndProject
Global
	GlobalSection(SolutionConfigurationPlatforms) = preSolution
		Debug|x64 = Debug|x64
		MinSizeRel|x64 = MinSizeRel|x64
		Release|x64 = Release|x64
		RelWithDebInfo|x64 = RelWithDebInfo|x64
	EndGlobalSection
	GlobalSection(ProjectConfigurationPlatforms) = postSolution
		{711A4164-A82E-47B1-A01B-B68FB3853E62}.Debug|x64.ActiveCfg = Debug|x64
		{711A4164-A82E-47B1-A01B-B68FB3853E62}.Debug|x64.Build.0 = Debug|x64
		{711A4164-A82E-47B1-A01B-B68FB3853E62}.MinSizeRel|x64.ActiveCfg = Debug|x64
		{711A4164-A82E-47B1-A01B-B68FB3853E62}.MinSizeRel|x64.Build.0 = Debug|x64
		{711A4164-A82E-47B1-A01B-B68FB3853E62}.Release|x64.ActiveCfg = Debug|x64
		{711A4164-A82E-47B1-A01B-B68FB3853E62}.Release|x64.Build.0 = Debug|x64
		{711A4164-A82E-47B1-A01B-B68FB3853E62}.RelWithDebInfo|x64.ActiveCfg = Debug|x64
		{711A4164-A82E-47B1-A01B-B68FB3853E62}.RelWithDebInfo|x64.Build.0 = Debug|x64
		{253A25E8-46C5-43AC-B6F0-E896FC673A32}.Debug|x64.ActiveCfg = Debug|x64
		{253A25E8-46C5-43AC-B6F0-E896FC673A32}.Debug|x64.Build.0 = Debug|x64
		{253A25E8-46C5-43AC-B6F0-E896FC673A32}.MinSizeRel|x64.ActiveCfg = Debug|x64
		{253A25E8-46C5-43AC-B6F0-E896FC673A32}.MinSizeRel|x64.Build.0 = Debug|x64
		{253A25E8-46C5-43AC-B6F0-E896FC673A32}.Release|x64.ActiveCfg = Debug|x64
		{253A25E8-46C5-43AC-B6F0-E896FC673A32}.Release|x64.Build.0 = Debug|x64
		{253A25E8-46C5-43AC-B6F0-E896FC673A32}.RelWithDebInfo|x64.ActiveCfg = Debug|x64
		{253A25E8-46C5-43AC-B6F0-E896FC673A32}.RelWithDebInfo|x64.Build.0 = Debug|x64
		{7B6DF627-8E9D-45DF-A625-D69D419B8019}.Debug|x64.ActiveCfg = Debug|x64
		{7B6DF627-8E9D-45DF-A625-D69D419B8019}.Debug|x64.Build.0 = Debug|x64
		{7B6DF627-8E9D-45DF-A625-D69D419B8019}.MinSizeRel|x64.ActiveCfg = Debug|x64
		{7B6DF627-8E9D-45DF-A625-D69D419B8019}.MinSizeRel|x64.Build.0 = Debug|x64
		{7B6DF627-8E9D-45DF-A625-D69D419B8019}.Release|x64.ActiveCfg = Debug|x64
		{7B6DF627-8E9D-45DF-A625-D69D419B8019}.Release|x64.Build.0 = Debug|x64
		{7B6DF627-8E9D-45DF-A625-D69D419B8019}.RelWithDebInfo|x64.ActiveCfg = Debug|x64
		{7B6DF627-8E9D-45DF-A625-D69D419B8019}.RelWithDebInfo|x64.Build.0 = Debug|x64
		{B50A8F29-C7D5-47EF-8756-C4EC818459CF}.Debug|x64.ActiveCfg = Debug|x64
		{B50A8F29-C7D5-47EF-8756-C4EC818459CF}.Debug|x64.Build.0 = Debug|x64
		{B50A8F29-C7D5-47EF-8756-C4EC818459CF}.MinSizeRel|x64.ActiveCfg = Debug|x64
		{B50A8F29-C7D5-47EF-8756-C4EC818459CF}.MinSizeRel|x64.Build.0 = Debug|x64
		{B50A8F29-C7D5-47EF-8756-C4EC818459CF}.Release|x64.ActiveCfg = Debug|x64
		{B50A8F29-C7D5-47EF-8756-C4EC818459CF}.Release|x64.Build.0 = Debug|x64
		{B50A8F29-C7D5-47EF-8756-C4EC818459CF}.RelWithDebInfo|x64.ActiveCfg = Debug|x64
		{B50A8F29-C7D5-47EF-8756-C4EC818459CF}.RelWithDebInfo|x64.Build.0 = Debug|x64
		{8454D230-A4B2-4473-9EED-94001545AA43}.Debug|x64.ActiveCfg = Debug|x64
		{8454D230-A4B2-4473-9EED-94001545AA43}.Debug|x64.Build.0 = Debug|x64
		{8454D230-A4B2-4473-9EED-94001545AA43}.MinSizeRel|x64.ActiveCfg = Debug|x64
		{8454D230-A4B2-4473-9EED-94001545AA43}.MinSizeRel|x64.Build.0 = Debug|x64
		{8454D230-A4B2-4473-9EED-94001545AA43}.Release|x64.ActiveCfg = Debug|x64
		{8454D230-A4B2-4473-9EED-94001545AA43}.Release|x64.Build.0 = Debug|x64
		{8454D230-A4B2-4473-9EED-94001545AA43}.RelWithDebInfo|x64.ActiveCfg = Debug|x64
		{8454D230-A4B2-4473-9EED-94001545AA43}.RelWithDebInfo|x64.Build.0 = Debug|x64
		{5D701F83-6AD6-4636-A167-43371EB1BE66}.Debug|x64.ActiveCfg = Debug|x64
		{5D701F83-6AD6-4636-A167-43371EB1BE66}.Debug|x64.Build.0 = Debug|x64
		{5D701F83-6AD6-4636-A167-43371EB1BE66}.MinSizeRel|x64.ActiveCfg = Debug|x64
		{5D701F83-6AD6-4636-A167-43371EB1BE66}.MinSizeRel|x64.Build.0 = Debug|x64
		{5D701F83-6AD6-4636-A167-43371EB1BE66}.Release|x64.ActiveCfg = Debug|x64
		{5D701F83-6AD6-4636-A167-43371EB1BE66}.Release|x64.Build.0 = Debug|x64
		{5D701F83-6AD6-4636-A167-43371EB1BE66}.RelWithDebInfo|x64.ActiveCfg = Debug|x64
		{5D701F83-6AD6-4636-A167-43371EB1BE66}.RelWithDebInfo|x64.Build.0 = Debug|x64
		{A74283BF-758B-416D-A550-487D4C4C850D}.Debug|x64.ActiveCfg = Debug|x64
		{A74283BF-758B-416D-A550-487D4C4C850D}.Debug|x64.Build.0 = Debug|x64
		{A74283BF-758B-416D-A550-487D4C4C850D}.MinSizeRel|x64.ActiveCfg = Debug|x64
		{A74283BF-758B-416D-A550-487D4C4C850D}.MinSizeRel|x64.Build.0 = Debug|x64
		{A74283BF-758B-416D-A550-487D4C4C850D}.Release|x64.ActiveCfg = Debug|x64
		{A74283BF-758B-416D-A550-487D4C4C850D}.Release|x64.Build.0 = Debug|x64
		{A74283BF-758B-416D-A550-487D4C4C850D}.RelWithDebInfo|x64.ActiveCfg = Debug|x64
		{A74283BF-758B-416D-A550-487D4C4C850D}.RelWithDebInfo|x64.Build.0 = Debug|x64
		{E85484A5-6E62-4C07-91DC-381634C17EAC}.Debug|x64.ActiveCfg = Debug|x64
		{E85484A5-6E62-4C07-91DC-381634C17EAC}.Debug|x64.Build.0 = Debug|x64
		{E85484A5-6E62-4C07-91DC-381634C17EAC}.MinSizeRel|x64.ActiveCfg = Debug|x64
		{E85484A5-6E62-4C07-91DC-381634C17EAC}.MinSizeRel|x64.Build.0 = Debug|x64
		{E85484A5-6E62-4C07-91DC-381634C17EAC}.Release|x64.ActiveCfg = Debug|x64
		{E85484A5-6E62-4C07-91DC-381634C17EAC}.Release|x64.Build.0 = Debug|x64
		{E85484A5-6E62-4C07-91DC-381634C17EAC}.RelWithDebInfo|x64.ActiveCfg = Debug|x64
		{E85484A5-6E62-4C07-91DC-381634C17EAC}.RelWithDebInfo|x64.Build.0 = Debug|x64
		{A50F9914-7614-4C3E-B299-D02406A52969}.Debug|x64.ActiveCfg = Debug|x64
		{A50F9914-7614-4C3E-B299-D02406A52969}.Debug|x64.Build.0 = Debug|x64
		{A50F9914-7614-4C3E-B299-D02406A52969}.MinSizeRel|x64.ActiveCfg = Debug|x64
		{A50F9914-7614-4C3E-B299-D02406A52969}.MinSizeRel|x64.Build.0 = Debug|x64
		{A50F9914-7614-4C3E-B299-D02406A52969}.Release|x64.ActiveCfg = Debug|x64
		{A50F9914-7614-4C3E-B299-D02406A52969}.Release|x64.Build.0 = Debug|x64
		{A50F9914-7614-4C3E-B299-D02406A52969}.RelWithDebInfo|x64.ActiveCfg = Debug|x64
		{A50F9914-7614-4C3E-B299-D02406A52969}.RelWithDebInfo|x64.Build.0 = Debug|x64
	EndGlobalSection
	GlobalSection(SolutionProperties) = preSolution
		HideSolutionNode = FALSE
	EndGlobalSection
EndGlobal
