
Microsoft Visual Studio Solution File, Format Version 12.00
# Visual Studio 2013
VisualStudioVersion = 12.0.31101.0
MinimumVisualStudioVersion = 10.0.40219.1
Project("{8BC9CEB8-8B4A-11D0-8D11-00A0C91BC942}") = "kutils", "..\kutils\build\kutils.vcxproj", "{E4052997-4E93-4E1B-A7F7-7914CF0D411F}"
EndProject
Project("{8BC9CEB8-8B4A-11D0-8D11-00A0C91BC942}") = "demoutils", "..\kutils\build\demoutils.vcxproj", "{EA97EB91-A1A6-44B5-9E35-C172E1B58A05}"
	ProjectSection(ProjectDependencies) = postProject
		{E4052997-4E93-4E1B-A7F7-7914CF0D411F} = {E4052997-4E93-4E1B-A7F7-7914CF0D411F}
	EndProjectSection
EndProject
Project("{8BC9CEB8-8B4A-11D0-8D11-00A0C91BC942}") = "kmodel", "..\kmodel\build\kmodel.vcxproj", "{555382CF-AEB6-4E6D-91E8-984CD0F1402B}"
	ProjectSection(ProjectDependencies) = postProject
		{EA97EB91-A1A6-44B5-9E35-C172E1B58A05} = {EA97EB91-A1A6-44B5-9E35-C172E1B58A05}
		{E4052997-4E93-4E1B-A7F7-7914CF0D411F} = {E4052997-4E93-4E1B-A7F7-7914CF0D411F}
	EndProjectSection
EndProject
Project("{8BC9CEB8-8B4A-11D0-8D11-00A0C91BC942}") = "leonApp", "..\kmodel\build\leonApp.vcxproj", "{C61813DF-A7C6-4A23-BAB7-6E931F3FFD91}"
EndProject
Project("{8BC9CEB8-8B4A-11D0-8D11-00A0C91BC942}") = "mtchApp", "..\kmodel\build\mtchApp.vcxproj", "{9207182C-B428-4267-84A0-FE6C0BD00AD5}"
EndProject
Project("{8BC9CEB8-8B4A-11D0-8D11-00A0C91BC942}") = "smpApp", "..\kmodel\build\smpApp.vcxproj", "{C2B136A6-1C1F-4D27-9F98-EC15FB0FE82D}"
EndProject
Project("{8BC9CEB8-8B4A-11D0-8D11-00A0C91BC942}") = "demomodel", "..\kmodel\build\demomodel.vcxproj", "{57634FB2-2691-4FB1-B035-AD07E62AF148}"
EndProject
Global
	GlobalSection(SolutionConfigurationPlatforms) = preSolution
		Debug|x64 = Debug|x64
		MinSizeRel|x64 = MinSizeRel|x64
		Release|x64 = Release|x64
		RelWithDebInfo|x64 = RelWithDebInfo|x64
	EndGlobalSection
	GlobalSection(ProjectConfigurationPlatforms) = postSolution
		{E4052997-4E93-4E1B-A7F7-7914CF0D411F}.Debug|x64.ActiveCfg = Debug|x64
		{E4052997-4E93-4E1B-A7F7-7914CF0D411F}.Debug|x64.Build.0 = Debug|x64
		{E4052997-4E93-4E1B-A7F7-7914CF0D411F}.MinSizeRel|x64.ActiveCfg = Debug|x64
		{E4052997-4E93-4E1B-A7F7-7914CF0D411F}.MinSizeRel|x64.Build.0 = Debug|x64
		{E4052997-4E93-4E1B-A7F7-7914CF0D411F}.Release|x64.ActiveCfg = Debug|x64
		{E4052997-4E93-4E1B-A7F7-7914CF0D411F}.Release|x64.Build.0 = Debug|x64
		{E4052997-4E93-4E1B-A7F7-7914CF0D411F}.RelWithDebInfo|x64.ActiveCfg = Debug|x64
		{E4052997-4E93-4E1B-A7F7-7914CF0D411F}.RelWithDebInfo|x64.Build.0 = Debug|x64
		{EA97EB91-A1A6-44B5-9E35-C172E1B58A05}.Debug|x64.ActiveCfg = Debug|x64
		{EA97EB91-A1A6-44B5-9E35-C172E1B58A05}.Debug|x64.Build.0 = Debug|x64
		{EA97EB91-A1A6-44B5-9E35-C172E1B58A05}.MinSizeRel|x64.ActiveCfg = Debug|x64
		{EA97EB91-A1A6-44B5-9E35-C172E1B58A05}.MinSizeRel|x64.Build.0 = Debug|x64
		{EA97EB91-A1A6-44B5-9E35-C172E1B58A05}.Release|x64.ActiveCfg = Debug|x64
		{EA97EB91-A1A6-44B5-9E35-C172E1B58A05}.Release|x64.Build.0 = Debug|x64
		{EA97EB91-A1A6-44B5-9E35-C172E1B58A05}.RelWithDebInfo|x64.ActiveCfg = Debug|x64
		{EA97EB91-A1A6-44B5-9E35-C172E1B58A05}.RelWithDebInfo|x64.Build.0 = Debug|x64
		{555382CF-AEB6-4E6D-91E8-984CD0F1402B}.Debug|x64.ActiveCfg = Debug|x64
		{555382CF-AEB6-4E6D-91E8-984CD0F1402B}.Debug|x64.Build.0 = Debug|x64
		{555382CF-AEB6-4E6D-91E8-984CD0F1402B}.MinSizeRel|x64.ActiveCfg = Debug|x64
		{555382CF-AEB6-4E6D-91E8-984CD0F1402B}.MinSizeRel|x64.Build.0 = Debug|x64
		{555382CF-AEB6-4E6D-91E8-984CD0F1402B}.Release|x64.ActiveCfg = Debug|x64
		{555382CF-AEB6-4E6D-91E8-984CD0F1402B}.Release|x64.Build.0 = Debug|x64
		{555382CF-AEB6-4E6D-91E8-984CD0F1402B}.RelWithDebInfo|x64.ActiveCfg = Debug|x64
		{555382CF-AEB6-4E6D-91E8-984CD0F1402B}.RelWithDebInfo|x64.Build.0 = Debug|x64
		{C61813DF-A7C6-4A23-BAB7-6E931F3FFD91}.Debug|x64.ActiveCfg = Debug|x64
		{C61813DF-A7C6-4A23-BAB7-6E931F3FFD91}.Debug|x64.Build.0 = Debug|x64
		{C61813DF-A7C6-4A23-BAB7-6E931F3FFD91}.MinSizeRel|x64.ActiveCfg = Debug|x64
		{C61813DF-A7C6-4A23-BAB7-6E931F3FFD91}.MinSizeRel|x64.Build.0 = Debug|x64
		{C61813DF-A7C6-4A23-BAB7-6E931F3FFD91}.Release|x64.ActiveCfg = Debug|x64
		{C61813DF-A7C6-4A23-BAB7-6E931F3FFD91}.Release|x64.Build.0 = Debug|x64
		{C61813DF-A7C6-4A23-BAB7-6E931F3FFD91}.RelWithDebInfo|x64.ActiveCfg = Debug|x64
		{C61813DF-A7C6-4A23-BAB7-6E931F3FFD91}.RelWithDebInfo|x64.Build.0 = Debug|x64
		{9207182C-B428-4267-84A0-FE6C0BD00AD5}.Debug|x64.ActiveCfg = Debug|x64
		{9207182C-B428-4267-84A0-FE6C0BD00AD5}.Debug|x64.Build.0 = Debug|x64
		{9207182C-B428-4267-84A0-FE6C0BD00AD5}.MinSizeRel|x64.ActiveCfg = Debug|x64
		{9207182C-B428-4267-84A0-FE6C0BD00AD5}.MinSizeRel|x64.Build.0 = Debug|x64
		{9207182C-B428-4267-84A0-FE6C0BD00AD5}.Release|x64.ActiveCfg = Debug|x64
		{9207182C-B428-4267-84A0-FE6C0BD00AD5}.Release|x64.Build.0 = Debug|x64
		{9207182C-B428-4267-84A0-FE6C0BD00AD5}.RelWithDebInfo|x64.ActiveCfg = Debug|x64
		{9207182C-B428-4267-84A0-FE6C0BD00AD5}.RelWithDebInfo|x64.Build.0 = Debug|x64
		{C2B136A6-1C1F-4D27-9F98-EC15FB0FE82D}.Debug|x64.ActiveCfg = Debug|x64
		{C2B136A6-1C1F-4D27-9F98-EC15FB0FE82D}.Debug|x64.Build.0 = Debug|x64
		{C2B136A6-1C1F-4D27-9F98-EC15FB0FE82D}.MinSizeRel|x64.ActiveCfg = Debug|x64
		{C2B136A6-1C1F-4D27-9F98-EC15FB0FE82D}.MinSizeRel|x64.Build.0 = Debug|x64
		{C2B136A6-1C1F-4D27-9F98-EC15FB0FE82D}.Release|x64.ActiveCfg = Debug|x64
		{C2B136A6-1C1F-4D27-9F98-EC15FB0FE82D}.Release|x64.Build.0 = Debug|x64
		{C2B136A6-1C1F-4D27-9F98-EC15FB0FE82D}.RelWithDebInfo|x64.ActiveCfg = Debug|x64
		{C2B136A6-1C1F-4D27-9F98-EC15FB0FE82D}.RelWithDebInfo|x64.Build.0 = Debug|x64
		{57634FB2-2691-4FB1-B035-AD07E62AF148}.Debug|x64.ActiveCfg = Debug|x64
		{57634FB2-2691-4FB1-B035-AD07E62AF148}.Debug|x64.Build.0 = Debug|x64
		{57634FB2-2691-4FB1-B035-AD07E62AF148}.MinSizeRel|x64.ActiveCfg = Debug|x64
		{57634FB2-2691-4FB1-B035-AD07E62AF148}.MinSizeRel|x64.Build.0 = Debug|x64
		{57634FB2-2691-4FB1-B035-AD07E62AF148}.Release|x64.ActiveCfg = Debug|x64
		{57634FB2-2691-4FB1-B035-AD07E62AF148}.Release|x64.Build.0 = Debug|x64
		{57634FB2-2691-4FB1-B035-AD07E62AF148}.RelWithDebInfo|x64.ActiveCfg = Debug|x64
		{57634FB2-2691-4FB1-B035-AD07E62AF148}.RelWithDebInfo|x64.Build.0 = Debug|x64
	EndGlobalSection
	GlobalSection(SolutionProperties) = preSolution
		HideSolutionNode = FALSE
	EndGlobalSection
EndGlobal
