
Microsoft Visual Studio Solution File, Format Version 12.00
# Visual Studio 14
VisualStudioVersion = 14.0.25420.1
MinimumVisualStudioVersion = 10.0.40219.1
Project("{8BC9CEB8-8B4A-11D0-8D11-00A0C91BC942}") = "kutils", "..\kutils\build\kutils.vcxproj", "{A0FE1692-C1EB-462D-AC56-570F6185AB6D}"
EndProject
Project("{8BC9CEB8-8B4A-11D0-8D11-00A0C91BC942}") = "demoutils", "..\kutils\build\demoutils.vcxproj", "{B9F34E4F-CF89-40C7-A118-BCECD9D0FC51}"
	ProjectSection(ProjectDependencies) = postProject
		{A0FE1692-C1EB-462D-AC56-570F6185AB6D} = {A0FE1692-C1EB-462D-AC56-570F6185AB6D}
	EndProjectSection
EndProject
Project("{8BC9CEB8-8B4A-11D0-8D11-00A0C91BC942}") = "kmodel", "..\kmodel\build\kmodel.vcxproj", "{1B51EB2C-A2AC-4804-8C14-734CA10B03B7}"
	ProjectSection(ProjectDependencies) = postProject
		{B9F34E4F-CF89-40C7-A118-BCECD9D0FC51} = {B9F34E4F-CF89-40C7-A118-BCECD9D0FC51}
		{A0FE1692-C1EB-462D-AC56-570F6185AB6D} = {A0FE1692-C1EB-462D-AC56-570F6185AB6D}
	EndProjectSection
EndProject
Project("{8BC9CEB8-8B4A-11D0-8D11-00A0C91BC942}") = "leonApp", "..\kmodel\build\leonApp.vcxproj", "{F7555218-AB77-4CF6-8450-B7AB075C6040}"
EndProject
Project("{8BC9CEB8-8B4A-11D0-8D11-00A0C91BC942}") = "mtchApp", "..\kmodel\build\mtchApp.vcxproj", "{9D705010-C4EA-486C-B522-BB4BA15B3F5F}"
EndProject
Project("{8BC9CEB8-8B4A-11D0-8D11-00A0C91BC942}") = "demomodel", "..\kmodel\build\demomodel.vcxproj", "{5BF23593-FCC0-4EBF-90FB-539295A8111C}"
EndProject
Project("{8BC9CEB8-8B4A-11D0-8D11-00A0C91BC942}") = "kgraph", "..\kgraph\build\kgraph.vcxproj", "{FC48BCC3-F70C-4F85-98D7-8C7ABF069EEE}"
EndProject
Project("{8BC9CEB8-8B4A-11D0-8D11-00A0C91BC942}") = "tui", "..\kgraph\build\tui.vcxproj", "{638175C1-4C35-412B-88D3-1AE90820FAF8}"
EndProject
Project("{8BC9CEB8-8B4A-11D0-8D11-00A0C91BC942}") = "ftetris", "..\kgraph\build\ftetris.vcxproj", "{6C689C37-3190-48C0-B98A-568F97CD7DF5}"
EndProject
Global
	GlobalSection(SolutionConfigurationPlatforms) = preSolution
		Debug|x64 = Debug|x64
		MinSizeRel|x64 = MinSizeRel|x64
		Release|x64 = Release|x64
		RelWithDebInfo|x64 = RelWithDebInfo|x64
	EndGlobalSection
	GlobalSection(ProjectConfigurationPlatforms) = postSolution
		{A0FE1692-C1EB-462D-AC56-570F6185AB6D}.Debug|x64.ActiveCfg = Debug|x64
		{A0FE1692-C1EB-462D-AC56-570F6185AB6D}.Debug|x64.Build.0 = Debug|x64
		{A0FE1692-C1EB-462D-AC56-570F6185AB6D}.MinSizeRel|x64.ActiveCfg = Debug|x64
		{A0FE1692-C1EB-462D-AC56-570F6185AB6D}.MinSizeRel|x64.Build.0 = Debug|x64
		{A0FE1692-C1EB-462D-AC56-570F6185AB6D}.Release|x64.ActiveCfg = Debug|x64
		{A0FE1692-C1EB-462D-AC56-570F6185AB6D}.Release|x64.Build.0 = Debug|x64
		{A0FE1692-C1EB-462D-AC56-570F6185AB6D}.RelWithDebInfo|x64.ActiveCfg = Debug|x64
		{A0FE1692-C1EB-462D-AC56-570F6185AB6D}.RelWithDebInfo|x64.Build.0 = Debug|x64
		{B9F34E4F-CF89-40C7-A118-BCECD9D0FC51}.Debug|x64.ActiveCfg = Debug|x64
		{B9F34E4F-CF89-40C7-A118-BCECD9D0FC51}.Debug|x64.Build.0 = Debug|x64
		{B9F34E4F-CF89-40C7-A118-BCECD9D0FC51}.MinSizeRel|x64.ActiveCfg = Debug|x64
		{B9F34E4F-CF89-40C7-A118-BCECD9D0FC51}.MinSizeRel|x64.Build.0 = Debug|x64
		{B9F34E4F-CF89-40C7-A118-BCECD9D0FC51}.Release|x64.ActiveCfg = Debug|x64
		{B9F34E4F-CF89-40C7-A118-BCECD9D0FC51}.Release|x64.Build.0 = Debug|x64
		{B9F34E4F-CF89-40C7-A118-BCECD9D0FC51}.RelWithDebInfo|x64.ActiveCfg = Debug|x64
		{B9F34E4F-CF89-40C7-A118-BCECD9D0FC51}.RelWithDebInfo|x64.Build.0 = Debug|x64
		{1B51EB2C-A2AC-4804-8C14-734CA10B03B7}.Debug|x64.ActiveCfg = Debug|x64
		{1B51EB2C-A2AC-4804-8C14-734CA10B03B7}.Debug|x64.Build.0 = Debug|x64
		{1B51EB2C-A2AC-4804-8C14-734CA10B03B7}.MinSizeRel|x64.ActiveCfg = Debug|x64
		{1B51EB2C-A2AC-4804-8C14-734CA10B03B7}.MinSizeRel|x64.Build.0 = Debug|x64
		{1B51EB2C-A2AC-4804-8C14-734CA10B03B7}.Release|x64.ActiveCfg = Debug|x64
		{1B51EB2C-A2AC-4804-8C14-734CA10B03B7}.Release|x64.Build.0 = Debug|x64
		{1B51EB2C-A2AC-4804-8C14-734CA10B03B7}.RelWithDebInfo|x64.ActiveCfg = Debug|x64
		{1B51EB2C-A2AC-4804-8C14-734CA10B03B7}.RelWithDebInfo|x64.Build.0 = Debug|x64
		{F7555218-AB77-4CF6-8450-B7AB075C6040}.Debug|x64.ActiveCfg = Debug|x64
		{F7555218-AB77-4CF6-8450-B7AB075C6040}.Debug|x64.Build.0 = Debug|x64
		{F7555218-AB77-4CF6-8450-B7AB075C6040}.MinSizeRel|x64.ActiveCfg = Debug|x64
		{F7555218-AB77-4CF6-8450-B7AB075C6040}.MinSizeRel|x64.Build.0 = Debug|x64
		{F7555218-AB77-4CF6-8450-B7AB075C6040}.Release|x64.ActiveCfg = Debug|x64
		{F7555218-AB77-4CF6-8450-B7AB075C6040}.Release|x64.Build.0 = Debug|x64
		{F7555218-AB77-4CF6-8450-B7AB075C6040}.RelWithDebInfo|x64.ActiveCfg = Debug|x64
		{F7555218-AB77-4CF6-8450-B7AB075C6040}.RelWithDebInfo|x64.Build.0 = Debug|x64
		{9D705010-C4EA-486C-B522-BB4BA15B3F5F}.Debug|x64.ActiveCfg = Debug|x64
		{9D705010-C4EA-486C-B522-BB4BA15B3F5F}.Debug|x64.Build.0 = Debug|x64
		{9D705010-C4EA-486C-B522-BB4BA15B3F5F}.MinSizeRel|x64.ActiveCfg = Debug|x64
		{9D705010-C4EA-486C-B522-BB4BA15B3F5F}.MinSizeRel|x64.Build.0 = Debug|x64
		{9D705010-C4EA-486C-B522-BB4BA15B3F5F}.Release|x64.ActiveCfg = Debug|x64
		{9D705010-C4EA-486C-B522-BB4BA15B3F5F}.Release|x64.Build.0 = Debug|x64
		{9D705010-C4EA-486C-B522-BB4BA15B3F5F}.RelWithDebInfo|x64.ActiveCfg = Debug|x64
		{9D705010-C4EA-486C-B522-BB4BA15B3F5F}.RelWithDebInfo|x64.Build.0 = Debug|x64
		{5BF23593-FCC0-4EBF-90FB-539295A8111C}.Debug|x64.ActiveCfg = Debug|x64
		{5BF23593-FCC0-4EBF-90FB-539295A8111C}.Debug|x64.Build.0 = Debug|x64
		{5BF23593-FCC0-4EBF-90FB-539295A8111C}.MinSizeRel|x64.ActiveCfg = Debug|x64
		{5BF23593-FCC0-4EBF-90FB-539295A8111C}.MinSizeRel|x64.Build.0 = Debug|x64
		{5BF23593-FCC0-4EBF-90FB-539295A8111C}.Release|x64.ActiveCfg = Debug|x64
		{5BF23593-FCC0-4EBF-90FB-539295A8111C}.Release|x64.Build.0 = Debug|x64
		{5BF23593-FCC0-4EBF-90FB-539295A8111C}.RelWithDebInfo|x64.ActiveCfg = Debug|x64
		{5BF23593-FCC0-4EBF-90FB-539295A8111C}.RelWithDebInfo|x64.Build.0 = Debug|x64
		{FC48BCC3-F70C-4F85-98D7-8C7ABF069EEE}.Debug|x64.ActiveCfg = Debug|x64
		{FC48BCC3-F70C-4F85-98D7-8C7ABF069EEE}.Debug|x64.Build.0 = Debug|x64
		{FC48BCC3-F70C-4F85-98D7-8C7ABF069EEE}.MinSizeRel|x64.ActiveCfg = Debug|x64
		{FC48BCC3-F70C-4F85-98D7-8C7ABF069EEE}.MinSizeRel|x64.Build.0 = Debug|x64
		{FC48BCC3-F70C-4F85-98D7-8C7ABF069EEE}.Release|x64.ActiveCfg = Debug|x64
		{FC48BCC3-F70C-4F85-98D7-8C7ABF069EEE}.Release|x64.Build.0 = Debug|x64
		{FC48BCC3-F70C-4F85-98D7-8C7ABF069EEE}.RelWithDebInfo|x64.ActiveCfg = Debug|x64
		{FC48BCC3-F70C-4F85-98D7-8C7ABF069EEE}.RelWithDebInfo|x64.Build.0 = Debug|x64
		{638175C1-4C35-412B-88D3-1AE90820FAF8}.Debug|x64.ActiveCfg = Debug|x64
		{638175C1-4C35-412B-88D3-1AE90820FAF8}.Debug|x64.Build.0 = Debug|x64
		{638175C1-4C35-412B-88D3-1AE90820FAF8}.MinSizeRel|x64.ActiveCfg = Debug|x64
		{638175C1-4C35-412B-88D3-1AE90820FAF8}.MinSizeRel|x64.Build.0 = Debug|x64
		{638175C1-4C35-412B-88D3-1AE90820FAF8}.Release|x64.ActiveCfg = Debug|x64
		{638175C1-4C35-412B-88D3-1AE90820FAF8}.Release|x64.Build.0 = Debug|x64
		{638175C1-4C35-412B-88D3-1AE90820FAF8}.RelWithDebInfo|x64.ActiveCfg = Debug|x64
		{638175C1-4C35-412B-88D3-1AE90820FAF8}.RelWithDebInfo|x64.Build.0 = Debug|x64
		{6C689C37-3190-48C0-B98A-568F97CD7DF5}.Debug|x64.ActiveCfg = Debug|x64
		{6C689C37-3190-48C0-B98A-568F97CD7DF5}.Debug|x64.Build.0 = Debug|x64
		{6C689C37-3190-48C0-B98A-568F97CD7DF5}.MinSizeRel|x64.ActiveCfg = Debug|x64
		{6C689C37-3190-48C0-B98A-568F97CD7DF5}.MinSizeRel|x64.Build.0 = Debug|x64
		{6C689C37-3190-48C0-B98A-568F97CD7DF5}.Release|x64.ActiveCfg = Debug|x64
		{6C689C37-3190-48C0-B98A-568F97CD7DF5}.Release|x64.Build.0 = Debug|x64
		{6C689C37-3190-48C0-B98A-568F97CD7DF5}.RelWithDebInfo|x64.ActiveCfg = Debug|x64
		{6C689C37-3190-48C0-B98A-568F97CD7DF5}.RelWithDebInfo|x64.Build.0 = Debug|x64
	EndGlobalSection
	GlobalSection(SolutionProperties) = preSolution
		HideSolutionNode = FALSE
	EndGlobalSection
EndGlobal
