
Microsoft Visual Studio Solution File, Format Version 12.00
# Visual Studio 2013
VisualStudioVersion = 12.0.31101.0
MinimumVisualStudioVersion = 10.0.40219.1
Project("{8BC9CEB8-8B4A-11D0-8D11-00A0C91BC942}") = "kutils", "..\kutils\build\kutils.vcxproj", "{A86C4D3D-C926-4F9F-AC37-6748EA65B67E}"
EndProject
Project("{8BC9CEB8-8B4A-11D0-8D11-00A0C91BC942}") = "demoutils", "..\kutils\build\demoutils.vcxproj", "{1BB19A0C-322C-4814-B16C-9E0F0DA8B3C9}"
	ProjectSection(ProjectDependencies) = postProject
		{A86C4D3D-C926-4F9F-AC37-6748EA65B67E} = {A86C4D3D-C926-4F9F-AC37-6748EA65B67E}
	EndProjectSection
EndProject
Project("{8BC9CEB8-8B4A-11D0-8D11-00A0C91BC942}") = "kmodel", "..\kmodel\build\kmodel.vcxproj", "{617EFF3F-AA85-49ED-A3B3-9AA4D5C9EDB9}"
	ProjectSection(ProjectDependencies) = postProject
		{1BB19A0C-322C-4814-B16C-9E0F0DA8B3C9} = {1BB19A0C-322C-4814-B16C-9E0F0DA8B3C9}
		{A86C4D3D-C926-4F9F-AC37-6748EA65B67E} = {A86C4D3D-C926-4F9F-AC37-6748EA65B67E}
	EndProjectSection
EndProject
Project("{8BC9CEB8-8B4A-11D0-8D11-00A0C91BC942}") = "leonApp", "..\kmodel\build\leonApp.vcxproj", "{0C1CF456-0D7F-436B-A7C2-BE965E6E7A82}"
EndProject
Project("{8BC9CEB8-8B4A-11D0-8D11-00A0C91BC942}") = "mtchApp", "..\kmodel\build\mtchApp.vcxproj", "{480D255B-995B-4F0F-9DD2-711474126265}"
EndProject
Project("{8BC9CEB8-8B4A-11D0-8D11-00A0C91BC942}") = "smpApp", "..\kmodel\build\smpApp.vcxproj", "{D924D5C6-024C-4FC4-9254-9BDA886864E2}"
EndProject
Project("{8BC9CEB8-8B4A-11D0-8D11-00A0C91BC942}") = "demomodel", "..\kmodel\build\demomodel.vcxproj", "{D0108FE5-F4C9-413D-A3B1-A2CF250A3216}"
EndProject
Project("{8BC9CEB8-8B4A-11D0-8D11-00A0C91BC942}") = "minApp", "..\kmodel\build\minApp.vcxproj", "{4D734918-49E2-4F35-B7FB-5D8B00736E33}"
EndProject
Global
	GlobalSection(SolutionConfigurationPlatforms) = preSolution
		Debug|x64 = Debug|x64
		MinSizeRel|x64 = MinSizeRel|x64
		Release|x64 = Release|x64
		RelWithDebInfo|x64 = RelWithDebInfo|x64
	EndGlobalSection
	GlobalSection(ProjectConfigurationPlatforms) = postSolution
		{A86C4D3D-C926-4F9F-AC37-6748EA65B67E}.Debug|x64.ActiveCfg = Debug|x64
		{A86C4D3D-C926-4F9F-AC37-6748EA65B67E}.Debug|x64.Build.0 = Debug|x64
		{A86C4D3D-C926-4F9F-AC37-6748EA65B67E}.MinSizeRel|x64.ActiveCfg = Debug|x64
		{A86C4D3D-C926-4F9F-AC37-6748EA65B67E}.MinSizeRel|x64.Build.0 = Debug|x64
		{A86C4D3D-C926-4F9F-AC37-6748EA65B67E}.Release|x64.ActiveCfg = Debug|x64
		{A86C4D3D-C926-4F9F-AC37-6748EA65B67E}.Release|x64.Build.0 = Debug|x64
		{A86C4D3D-C926-4F9F-AC37-6748EA65B67E}.RelWithDebInfo|x64.ActiveCfg = Debug|x64
		{A86C4D3D-C926-4F9F-AC37-6748EA65B67E}.RelWithDebInfo|x64.Build.0 = Debug|x64
		{1BB19A0C-322C-4814-B16C-9E0F0DA8B3C9}.Debug|x64.ActiveCfg = Debug|x64
		{1BB19A0C-322C-4814-B16C-9E0F0DA8B3C9}.Debug|x64.Build.0 = Debug|x64
		{1BB19A0C-322C-4814-B16C-9E0F0DA8B3C9}.MinSizeRel|x64.ActiveCfg = Debug|x64
		{1BB19A0C-322C-4814-B16C-9E0F0DA8B3C9}.MinSizeRel|x64.Build.0 = Debug|x64
		{1BB19A0C-322C-4814-B16C-9E0F0DA8B3C9}.Release|x64.ActiveCfg = Debug|x64
		{1BB19A0C-322C-4814-B16C-9E0F0DA8B3C9}.Release|x64.Build.0 = Debug|x64
		{1BB19A0C-322C-4814-B16C-9E0F0DA8B3C9}.RelWithDebInfo|x64.ActiveCfg = Debug|x64
		{1BB19A0C-322C-4814-B16C-9E0F0DA8B3C9}.RelWithDebInfo|x64.Build.0 = Debug|x64
		{617EFF3F-AA85-49ED-A3B3-9AA4D5C9EDB9}.Debug|x64.ActiveCfg = Debug|x64
		{617EFF3F-AA85-49ED-A3B3-9AA4D5C9EDB9}.Debug|x64.Build.0 = Debug|x64
		{617EFF3F-AA85-49ED-A3B3-9AA4D5C9EDB9}.MinSizeRel|x64.ActiveCfg = Debug|x64
		{617EFF3F-AA85-49ED-A3B3-9AA4D5C9EDB9}.MinSizeRel|x64.Build.0 = Debug|x64
		{617EFF3F-AA85-49ED-A3B3-9AA4D5C9EDB9}.Release|x64.ActiveCfg = Debug|x64
		{617EFF3F-AA85-49ED-A3B3-9AA4D5C9EDB9}.Release|x64.Build.0 = Debug|x64
		{617EFF3F-AA85-49ED-A3B3-9AA4D5C9EDB9}.RelWithDebInfo|x64.ActiveCfg = Debug|x64
		{617EFF3F-AA85-49ED-A3B3-9AA4D5C9EDB9}.RelWithDebInfo|x64.Build.0 = Debug|x64
		{0C1CF456-0D7F-436B-A7C2-BE965E6E7A82}.Debug|x64.ActiveCfg = Debug|x64
		{0C1CF456-0D7F-436B-A7C2-BE965E6E7A82}.Debug|x64.Build.0 = Debug|x64
		{0C1CF456-0D7F-436B-A7C2-BE965E6E7A82}.MinSizeRel|x64.ActiveCfg = Debug|x64
		{0C1CF456-0D7F-436B-A7C2-BE965E6E7A82}.MinSizeRel|x64.Build.0 = Debug|x64
		{0C1CF456-0D7F-436B-A7C2-BE965E6E7A82}.Release|x64.ActiveCfg = Debug|x64
		{0C1CF456-0D7F-436B-A7C2-BE965E6E7A82}.Release|x64.Build.0 = Debug|x64
		{0C1CF456-0D7F-436B-A7C2-BE965E6E7A82}.RelWithDebInfo|x64.ActiveCfg = Debug|x64
		{0C1CF456-0D7F-436B-A7C2-BE965E6E7A82}.RelWithDebInfo|x64.Build.0 = Debug|x64
		{480D255B-995B-4F0F-9DD2-711474126265}.Debug|x64.ActiveCfg = Debug|x64
		{480D255B-995B-4F0F-9DD2-711474126265}.Debug|x64.Build.0 = Debug|x64
		{480D255B-995B-4F0F-9DD2-711474126265}.MinSizeRel|x64.ActiveCfg = Debug|x64
		{480D255B-995B-4F0F-9DD2-711474126265}.MinSizeRel|x64.Build.0 = Debug|x64
		{480D255B-995B-4F0F-9DD2-711474126265}.Release|x64.ActiveCfg = Debug|x64
		{480D255B-995B-4F0F-9DD2-711474126265}.Release|x64.Build.0 = Debug|x64
		{480D255B-995B-4F0F-9DD2-711474126265}.RelWithDebInfo|x64.ActiveCfg = Debug|x64
		{480D255B-995B-4F0F-9DD2-711474126265}.RelWithDebInfo|x64.Build.0 = Debug|x64
		{D924D5C6-024C-4FC4-9254-9BDA886864E2}.Debug|x64.ActiveCfg = Debug|x64
		{D924D5C6-024C-4FC4-9254-9BDA886864E2}.Debug|x64.Build.0 = Debug|x64
		{D924D5C6-024C-4FC4-9254-9BDA886864E2}.MinSizeRel|x64.ActiveCfg = Debug|x64
		{D924D5C6-024C-4FC4-9254-9BDA886864E2}.MinSizeRel|x64.Build.0 = Debug|x64
		{D924D5C6-024C-4FC4-9254-9BDA886864E2}.Release|x64.ActiveCfg = Debug|x64
		{D924D5C6-024C-4FC4-9254-9BDA886864E2}.Release|x64.Build.0 = Debug|x64
		{D924D5C6-024C-4FC4-9254-9BDA886864E2}.RelWithDebInfo|x64.ActiveCfg = Debug|x64
		{D924D5C6-024C-4FC4-9254-9BDA886864E2}.RelWithDebInfo|x64.Build.0 = Debug|x64
		{D0108FE5-F4C9-413D-A3B1-A2CF250A3216}.Debug|x64.ActiveCfg = Debug|x64
		{D0108FE5-F4C9-413D-A3B1-A2CF250A3216}.Debug|x64.Build.0 = Debug|x64
		{D0108FE5-F4C9-413D-A3B1-A2CF250A3216}.MinSizeRel|x64.ActiveCfg = Debug|x64
		{D0108FE5-F4C9-413D-A3B1-A2CF250A3216}.MinSizeRel|x64.Build.0 = Debug|x64
		{D0108FE5-F4C9-413D-A3B1-A2CF250A3216}.Release|x64.ActiveCfg = Debug|x64
		{D0108FE5-F4C9-413D-A3B1-A2CF250A3216}.Release|x64.Build.0 = Debug|x64
		{D0108FE5-F4C9-413D-A3B1-A2CF250A3216}.RelWithDebInfo|x64.ActiveCfg = Debug|x64
		{D0108FE5-F4C9-413D-A3B1-A2CF250A3216}.RelWithDebInfo|x64.Build.0 = Debug|x64
		{4D734918-49E2-4F35-B7FB-5D8B00736E33}.Debug|x64.ActiveCfg = Debug|x64
		{4D734918-49E2-4F35-B7FB-5D8B00736E33}.Debug|x64.Build.0 = Debug|x64
		{4D734918-49E2-4F35-B7FB-5D8B00736E33}.MinSizeRel|x64.ActiveCfg = MinSizeRel|x64
		{4D734918-49E2-4F35-B7FB-5D8B00736E33}.MinSizeRel|x64.Build.0 = MinSizeRel|x64
		{4D734918-49E2-4F35-B7FB-5D8B00736E33}.Release|x64.ActiveCfg = Release|x64
		{4D734918-49E2-4F35-B7FB-5D8B00736E33}.Release|x64.Build.0 = Release|x64
		{4D734918-49E2-4F35-B7FB-5D8B00736E33}.RelWithDebInfo|x64.ActiveCfg = RelWithDebInfo|x64
		{4D734918-49E2-4F35-B7FB-5D8B00736E33}.RelWithDebInfo|x64.Build.0 = RelWithDebInfo|x64
	EndGlobalSection
	GlobalSection(SolutionProperties) = preSolution
		HideSolutionNode = FALSE
	EndGlobalSection
EndGlobal
