
Microsoft Visual Studio Solution File, Format Version 12.00
# Blend for Visual Studio 14
VisualStudioVersion = 14.0.25420.1
MinimumVisualStudioVersion = 10.0.40219.1
Project("{8BC9CEB8-8B4A-11D0-8D11-00A0C91BC942}") = "demoutils", "..\KTAB\kutils\build\demoutils.vcxproj", "{57935FA0-4FA0-39EE-B20D-217D7364D178}"
EndProject
Project("{8BC9CEB8-8B4A-11D0-8D11-00A0C91BC942}") = "kutils", "..\KTAB\kutils\build\kutils.vcxproj", "{874024F2-D6CD-3C2B-B24C-71261FBA0721}"
EndProject
Project("{8BC9CEB8-8B4A-11D0-8D11-00A0C91BC942}") = "demomodel", "..\KTAB\kmodel\build\demomodel.vcxproj", "{FCF5F80A-E8BF-303E-A684-C2FCD0F6B464}"
EndProject
Project("{8BC9CEB8-8B4A-11D0-8D11-00A0C91BC942}") = "kmodel", "..\KTAB\kmodel\build\kmodel.vcxproj", "{9D62D7C0-58B7-3A62-B123-0EDC00D0453E}"
EndProject
Project("{8BC9CEB8-8B4A-11D0-8D11-00A0C91BC942}") = "leonApp", "..\KTAB\kmodel\build\leonApp.vcxproj", "{6521DFF2-0B1D-3837-ADDD-F7FF78D98887}"
EndProject
Project("{8BC9CEB8-8B4A-11D0-8D11-00A0C91BC942}") = "mtchApp", "..\KTAB\kmodel\build\mtchApp.vcxproj", "{4A2C030C-0C7A-37D8-BF73-2BBC497206EE}"
EndProject
Project("{8BC9CEB8-8B4A-11D0-8D11-00A0C91BC942}") = "KTAB_SMP", "..\examples\smp\build\KTAB_SMP.vcxproj", "{AB665BE9-5FF7-30A1-8416-39A2B0DD2DA8}"
EndProject
Project("{8BC9CEB8-8B4A-11D0-8D11-00A0C91BC942}") = "smp", "..\examples\smp\build\smp.vcxproj", "{8041C664-D61C-33CE-84AB-77CFC346EF77}"
EndProject
Project("{8BC9CEB8-8B4A-11D0-8D11-00A0C91BC942}") = "smpc", "..\examples\smp\build\smpc.vcxproj", "{F86B8BD6-A3CF-3C7F-894F-6C545ECD4440}"
EndProject
Project("{8BC9CEB8-8B4A-11D0-8D11-00A0C91BC942}") = "agdemo", "..\examples\agenda\build\agdemo.vcxproj", "{4B1C25DE-44DD-3877-A64B-D9D374C5ACFF}"
EndProject
Project("{8BC9CEB8-8B4A-11D0-8D11-00A0C91BC942}") = "agenda", "..\examples\agenda\build\agenda.vcxproj", "{D226EB98-D4B9-3457-81F4-CFB8FDF20512}"
EndProject
Project("{8BC9CEB8-8B4A-11D0-8D11-00A0C91BC942}") = "comsel", "..\examples\comsel\build\comsel.vcxproj", "{2CDC8F53-6168-31D9-AE3B-68B7235A36C7}"
EndProject
Project("{8BC9CEB8-8B4A-11D0-8D11-00A0C91BC942}") = "csg", "..\examples\comsel\build\csg.vcxproj", "{F7EF1444-A4AC-3AAF-9B79-A7B5015FF5A2}"
EndProject
Project("{8BC9CEB8-8B4A-11D0-8D11-00A0C91BC942}") = "mwdemo", "..\examples\minwater\build\mwdemo.vcxproj", "{88A47C67-96A6-3DBA-A427-8C0F8917B8ED}"
EndProject
Project("{8BC9CEB8-8B4A-11D0-8D11-00A0C91BC942}") = "pmatrix", "..\examples\pmatrix\build\pmatrix.vcxproj", "{4691AD8F-9A20-3494-89A1-BF122DC74B7E}"
EndProject
Project("{8BC9CEB8-8B4A-11D0-8D11-00A0C91BC942}") = "pmdemo", "..\examples\pmatrix\build\pmdemo.vcxproj", "{157E4FB1-3082-3A57-B216-685198EC4DEE}"
EndProject
Project("{8BC9CEB8-8B4A-11D0-8D11-00A0C91BC942}") = "rpdemo", "..\examples\reformpri\build\rpdemo.vcxproj", "{D98CD681-48D1-3250-97A3-6659332F809C}"
EndProject
Project("{8BC9CEB8-8B4A-11D0-8D11-00A0C91BC942}") = "rplib", "..\examples\reformpri\build\rplib.vcxproj", "{8CCA9367-62BE-34FA-914C-657894719C49}"
EndProject
Global
	GlobalSection(SolutionConfigurationPlatforms) = preSolution
		Debug|x64 = Debug|x64
		MinSizeRel|x64 = MinSizeRel|x64
		Release|x64 = Release|x64
		RelWithDebInfo|x64 = RelWithDebInfo|x64
	EndGlobalSection
	GlobalSection(ProjectConfigurationPlatforms) = postSolution
		{57935FA0-4FA0-39EE-B20D-217D7364D178}.Debug|x64.ActiveCfg = Debug|x64
		{57935FA0-4FA0-39EE-B20D-217D7364D178}.Debug|x64.Build.0 = Debug|x64
		{57935FA0-4FA0-39EE-B20D-217D7364D178}.MinSizeRel|x64.ActiveCfg = MinSizeRel|x64
		{57935FA0-4FA0-39EE-B20D-217D7364D178}.MinSizeRel|x64.Build.0 = MinSizeRel|x64
		{57935FA0-4FA0-39EE-B20D-217D7364D178}.Release|x64.ActiveCfg = Release|x64
		{57935FA0-4FA0-39EE-B20D-217D7364D178}.Release|x64.Build.0 = Release|x64
		{57935FA0-4FA0-39EE-B20D-217D7364D178}.RelWithDebInfo|x64.ActiveCfg = RelWithDebInfo|x64
		{57935FA0-4FA0-39EE-B20D-217D7364D178}.RelWithDebInfo|x64.Build.0 = RelWithDebInfo|x64
		{874024F2-D6CD-3C2B-B24C-71261FBA0721}.Debug|x64.ActiveCfg = Debug|x64
		{874024F2-D6CD-3C2B-B24C-71261FBA0721}.Debug|x64.Build.0 = Debug|x64
		{874024F2-D6CD-3C2B-B24C-71261FBA0721}.MinSizeRel|x64.ActiveCfg = MinSizeRel|x64
		{874024F2-D6CD-3C2B-B24C-71261FBA0721}.MinSizeRel|x64.Build.0 = MinSizeRel|x64
		{874024F2-D6CD-3C2B-B24C-71261FBA0721}.Release|x64.ActiveCfg = Release|x64
		{874024F2-D6CD-3C2B-B24C-71261FBA0721}.Release|x64.Build.0 = Release|x64
		{874024F2-D6CD-3C2B-B24C-71261FBA0721}.RelWithDebInfo|x64.ActiveCfg = RelWithDebInfo|x64
		{874024F2-D6CD-3C2B-B24C-71261FBA0721}.RelWithDebInfo|x64.Build.0 = RelWithDebInfo|x64
		{FCF5F80A-E8BF-303E-A684-C2FCD0F6B464}.Debug|x64.ActiveCfg = Debug|x64
		{FCF5F80A-E8BF-303E-A684-C2FCD0F6B464}.Debug|x64.Build.0 = Debug|x64
		{FCF5F80A-E8BF-303E-A684-C2FCD0F6B464}.MinSizeRel|x64.ActiveCfg = MinSizeRel|x64
		{FCF5F80A-E8BF-303E-A684-C2FCD0F6B464}.MinSizeRel|x64.Build.0 = MinSizeRel|x64
		{FCF5F80A-E8BF-303E-A684-C2FCD0F6B464}.Release|x64.ActiveCfg = Release|x64
		{FCF5F80A-E8BF-303E-A684-C2FCD0F6B464}.Release|x64.Build.0 = Release|x64
		{FCF5F80A-E8BF-303E-A684-C2FCD0F6B464}.RelWithDebInfo|x64.ActiveCfg = RelWithDebInfo|x64
		{FCF5F80A-E8BF-303E-A684-C2FCD0F6B464}.RelWithDebInfo|x64.Build.0 = RelWithDebInfo|x64
		{9D62D7C0-58B7-3A62-B123-0EDC00D0453E}.Debug|x64.ActiveCfg = Debug|x64
		{9D62D7C0-58B7-3A62-B123-0EDC00D0453E}.Debug|x64.Build.0 = Debug|x64
		{9D62D7C0-58B7-3A62-B123-0EDC00D0453E}.MinSizeRel|x64.ActiveCfg = MinSizeRel|x64
		{9D62D7C0-58B7-3A62-B123-0EDC00D0453E}.MinSizeRel|x64.Build.0 = MinSizeRel|x64
		{9D62D7C0-58B7-3A62-B123-0EDC00D0453E}.Release|x64.ActiveCfg = Release|x64
		{9D62D7C0-58B7-3A62-B123-0EDC00D0453E}.Release|x64.Build.0 = Release|x64
		{9D62D7C0-58B7-3A62-B123-0EDC00D0453E}.RelWithDebInfo|x64.ActiveCfg = RelWithDebInfo|x64
		{9D62D7C0-58B7-3A62-B123-0EDC00D0453E}.RelWithDebInfo|x64.Build.0 = RelWithDebInfo|x64
		{6521DFF2-0B1D-3837-ADDD-F7FF78D98887}.Debug|x64.ActiveCfg = Debug|x64
		{6521DFF2-0B1D-3837-ADDD-F7FF78D98887}.Debug|x64.Build.0 = Debug|x64
		{6521DFF2-0B1D-3837-ADDD-F7FF78D98887}.MinSizeRel|x64.ActiveCfg = MinSizeRel|x64
		{6521DFF2-0B1D-3837-ADDD-F7FF78D98887}.MinSizeRel|x64.Build.0 = MinSizeRel|x64
		{6521DFF2-0B1D-3837-ADDD-F7FF78D98887}.Release|x64.ActiveCfg = Release|x64
		{6521DFF2-0B1D-3837-ADDD-F7FF78D98887}.Release|x64.Build.0 = Release|x64
		{6521DFF2-0B1D-3837-ADDD-F7FF78D98887}.RelWithDebInfo|x64.ActiveCfg = RelWithDebInfo|x64
		{6521DFF2-0B1D-3837-ADDD-F7FF78D98887}.RelWithDebInfo|x64.Build.0 = RelWithDebInfo|x64
		{4A2C030C-0C7A-37D8-BF73-2BBC497206EE}.Debug|x64.ActiveCfg = Debug|x64
		{4A2C030C-0C7A-37D8-BF73-2BBC497206EE}.Debug|x64.Build.0 = Debug|x64
		{4A2C030C-0C7A-37D8-BF73-2BBC497206EE}.MinSizeRel|x64.ActiveCfg = MinSizeRel|x64
		{4A2C030C-0C7A-37D8-BF73-2BBC497206EE}.MinSizeRel|x64.Build.0 = MinSizeRel|x64
		{4A2C030C-0C7A-37D8-BF73-2BBC497206EE}.Release|x64.ActiveCfg = Release|x64
		{4A2C030C-0C7A-37D8-BF73-2BBC497206EE}.Release|x64.Build.0 = Release|x64
		{4A2C030C-0C7A-37D8-BF73-2BBC497206EE}.RelWithDebInfo|x64.ActiveCfg = RelWithDebInfo|x64
		{4A2C030C-0C7A-37D8-BF73-2BBC497206EE}.RelWithDebInfo|x64.Build.0 = RelWithDebInfo|x64
		{AB665BE9-5FF7-30A1-8416-39A2B0DD2DA8}.Debug|x64.ActiveCfg = Debug|x64
		{AB665BE9-5FF7-30A1-8416-39A2B0DD2DA8}.Debug|x64.Build.0 = Debug|x64
		{AB665BE9-5FF7-30A1-8416-39A2B0DD2DA8}.MinSizeRel|x64.ActiveCfg = MinSizeRel|x64
		{AB665BE9-5FF7-30A1-8416-39A2B0DD2DA8}.MinSizeRel|x64.Build.0 = MinSizeRel|x64
		{AB665BE9-5FF7-30A1-8416-39A2B0DD2DA8}.Release|x64.ActiveCfg = Release|x64
		{AB665BE9-5FF7-30A1-8416-39A2B0DD2DA8}.Release|x64.Build.0 = Release|x64
		{AB665BE9-5FF7-30A1-8416-39A2B0DD2DA8}.RelWithDebInfo|x64.ActiveCfg = RelWithDebInfo|x64
		{AB665BE9-5FF7-30A1-8416-39A2B0DD2DA8}.RelWithDebInfo|x64.Build.0 = RelWithDebInfo|x64
		{8041C664-D61C-33CE-84AB-77CFC346EF77}.Debug|x64.ActiveCfg = Debug|x64
		{8041C664-D61C-33CE-84AB-77CFC346EF77}.Debug|x64.Build.0 = Debug|x64
		{8041C664-D61C-33CE-84AB-77CFC346EF77}.MinSizeRel|x64.ActiveCfg = MinSizeRel|x64
		{8041C664-D61C-33CE-84AB-77CFC346EF77}.MinSizeRel|x64.Build.0 = MinSizeRel|x64
		{8041C664-D61C-33CE-84AB-77CFC346EF77}.Release|x64.ActiveCfg = Release|x64
		{8041C664-D61C-33CE-84AB-77CFC346EF77}.Release|x64.Build.0 = Release|x64
		{8041C664-D61C-33CE-84AB-77CFC346EF77}.RelWithDebInfo|x64.ActiveCfg = RelWithDebInfo|x64
		{8041C664-D61C-33CE-84AB-77CFC346EF77}.RelWithDebInfo|x64.Build.0 = RelWithDebInfo|x64
		{F86B8BD6-A3CF-3C7F-894F-6C545ECD4440}.Debug|x64.ActiveCfg = Debug|x64
		{F86B8BD6-A3CF-3C7F-894F-6C545ECD4440}.Debug|x64.Build.0 = Debug|x64
		{F86B8BD6-A3CF-3C7F-894F-6C545ECD4440}.MinSizeRel|x64.ActiveCfg = MinSizeRel|x64
		{F86B8BD6-A3CF-3C7F-894F-6C545ECD4440}.MinSizeRel|x64.Build.0 = MinSizeRel|x64
		{F86B8BD6-A3CF-3C7F-894F-6C545ECD4440}.Release|x64.ActiveCfg = Release|x64
		{F86B8BD6-A3CF-3C7F-894F-6C545ECD4440}.Release|x64.Build.0 = Release|x64
		{F86B8BD6-A3CF-3C7F-894F-6C545ECD4440}.RelWithDebInfo|x64.ActiveCfg = RelWithDebInfo|x64
		{F86B8BD6-A3CF-3C7F-894F-6C545ECD4440}.RelWithDebInfo|x64.Build.0 = RelWithDebInfo|x64
		{4B1C25DE-44DD-3877-A64B-D9D374C5ACFF}.Debug|x64.ActiveCfg = Debug|x64
		{4B1C25DE-44DD-3877-A64B-D9D374C5ACFF}.Debug|x64.Build.0 = Debug|x64
		{4B1C25DE-44DD-3877-A64B-D9D374C5ACFF}.MinSizeRel|x64.ActiveCfg = MinSizeRel|x64
		{4B1C25DE-44DD-3877-A64B-D9D374C5ACFF}.MinSizeRel|x64.Build.0 = MinSizeRel|x64
		{4B1C25DE-44DD-3877-A64B-D9D374C5ACFF}.Release|x64.ActiveCfg = Release|x64
		{4B1C25DE-44DD-3877-A64B-D9D374C5ACFF}.Release|x64.Build.0 = Release|x64
		{4B1C25DE-44DD-3877-A64B-D9D374C5ACFF}.RelWithDebInfo|x64.ActiveCfg = RelWithDebInfo|x64
		{4B1C25DE-44DD-3877-A64B-D9D374C5ACFF}.RelWithDebInfo|x64.Build.0 = RelWithDebInfo|x64
		{D226EB98-D4B9-3457-81F4-CFB8FDF20512}.Debug|x64.ActiveCfg = Debug|x64
		{D226EB98-D4B9-3457-81F4-CFB8FDF20512}.Debug|x64.Build.0 = Debug|x64
		{D226EB98-D4B9-3457-81F4-CFB8FDF20512}.MinSizeRel|x64.ActiveCfg = MinSizeRel|x64
		{D226EB98-D4B9-3457-81F4-CFB8FDF20512}.MinSizeRel|x64.Build.0 = MinSizeRel|x64
		{D226EB98-D4B9-3457-81F4-CFB8FDF20512}.Release|x64.ActiveCfg = Release|x64
		{D226EB98-D4B9-3457-81F4-CFB8FDF20512}.Release|x64.Build.0 = Release|x64
		{D226EB98-D4B9-3457-81F4-CFB8FDF20512}.RelWithDebInfo|x64.ActiveCfg = RelWithDebInfo|x64
		{D226EB98-D4B9-3457-81F4-CFB8FDF20512}.RelWithDebInfo|x64.Build.0 = RelWithDebInfo|x64
		{2CDC8F53-6168-31D9-AE3B-68B7235A36C7}.Debug|x64.ActiveCfg = Debug|x64
		{2CDC8F53-6168-31D9-AE3B-68B7235A36C7}.Debug|x64.Build.0 = Debug|x64
		{2CDC8F53-6168-31D9-AE3B-68B7235A36C7}.MinSizeRel|x64.ActiveCfg = MinSizeRel|x64
		{2CDC8F53-6168-31D9-AE3B-68B7235A36C7}.MinSizeRel|x64.Build.0 = MinSizeRel|x64
		{2CDC8F53-6168-31D9-AE3B-68B7235A36C7}.Release|x64.ActiveCfg = Release|x64
		{2CDC8F53-6168-31D9-AE3B-68B7235A36C7}.Release|x64.Build.0 = Release|x64
		{2CDC8F53-6168-31D9-AE3B-68B7235A36C7}.RelWithDebInfo|x64.ActiveCfg = RelWithDebInfo|x64
		{2CDC8F53-6168-31D9-AE3B-68B7235A36C7}.RelWithDebInfo|x64.Build.0 = RelWithDebInfo|x64
		{F7EF1444-A4AC-3AAF-9B79-A7B5015FF5A2}.Debug|x64.ActiveCfg = Debug|x64
		{F7EF1444-A4AC-3AAF-9B79-A7B5015FF5A2}.Debug|x64.Build.0 = Debug|x64
		{F7EF1444-A4AC-3AAF-9B79-A7B5015FF5A2}.MinSizeRel|x64.ActiveCfg = MinSizeRel|x64
		{F7EF1444-A4AC-3AAF-9B79-A7B5015FF5A2}.MinSizeRel|x64.Build.0 = MinSizeRel|x64
		{F7EF1444-A4AC-3AAF-9B79-A7B5015FF5A2}.Release|x64.ActiveCfg = Release|x64
		{F7EF1444-A4AC-3AAF-9B79-A7B5015FF5A2}.Release|x64.Build.0 = Release|x64
		{F7EF1444-A4AC-3AAF-9B79-A7B5015FF5A2}.RelWithDebInfo|x64.ActiveCfg = RelWithDebInfo|x64
		{F7EF1444-A4AC-3AAF-9B79-A7B5015FF5A2}.RelWithDebInfo|x64.Build.0 = RelWithDebInfo|x64
		{88A47C67-96A6-3DBA-A427-8C0F8917B8ED}.Debug|x64.ActiveCfg = Debug|x64
		{88A47C67-96A6-3DBA-A427-8C0F8917B8ED}.Debug|x64.Build.0 = Debug|x64
		{88A47C67-96A6-3DBA-A427-8C0F8917B8ED}.MinSizeRel|x64.ActiveCfg = MinSizeRel|x64
		{88A47C67-96A6-3DBA-A427-8C0F8917B8ED}.MinSizeRel|x64.Build.0 = MinSizeRel|x64
		{88A47C67-96A6-3DBA-A427-8C0F8917B8ED}.Release|x64.ActiveCfg = Release|x64
		{88A47C67-96A6-3DBA-A427-8C0F8917B8ED}.Release|x64.Build.0 = Release|x64
		{88A47C67-96A6-3DBA-A427-8C0F8917B8ED}.RelWithDebInfo|x64.ActiveCfg = RelWithDebInfo|x64
		{88A47C67-96A6-3DBA-A427-8C0F8917B8ED}.RelWithDebInfo|x64.Build.0 = RelWithDebInfo|x64
		{4691AD8F-9A20-3494-89A1-BF122DC74B7E}.Debug|x64.ActiveCfg = Debug|x64
		{4691AD8F-9A20-3494-89A1-BF122DC74B7E}.Debug|x64.Build.0 = Debug|x64
		{4691AD8F-9A20-3494-89A1-BF122DC74B7E}.MinSizeRel|x64.ActiveCfg = MinSizeRel|x64
		{4691AD8F-9A20-3494-89A1-BF122DC74B7E}.MinSizeRel|x64.Build.0 = MinSizeRel|x64
		{4691AD8F-9A20-3494-89A1-BF122DC74B7E}.Release|x64.ActiveCfg = Release|x64
		{4691AD8F-9A20-3494-89A1-BF122DC74B7E}.Release|x64.Build.0 = Release|x64
		{4691AD8F-9A20-3494-89A1-BF122DC74B7E}.RelWithDebInfo|x64.ActiveCfg = RelWithDebInfo|x64
		{4691AD8F-9A20-3494-89A1-BF122DC74B7E}.RelWithDebInfo|x64.Build.0 = RelWithDebInfo|x64
		{157E4FB1-3082-3A57-B216-685198EC4DEE}.Debug|x64.ActiveCfg = Debug|x64
		{157E4FB1-3082-3A57-B216-685198EC4DEE}.Debug|x64.Build.0 = Debug|x64
		{157E4FB1-3082-3A57-B216-685198EC4DEE}.MinSizeRel|x64.ActiveCfg = MinSizeRel|x64
		{157E4FB1-3082-3A57-B216-685198EC4DEE}.MinSizeRel|x64.Build.0 = MinSizeRel|x64
		{157E4FB1-3082-3A57-B216-685198EC4DEE}.Release|x64.ActiveCfg = Release|x64
		{157E4FB1-3082-3A57-B216-685198EC4DEE}.Release|x64.Build.0 = Release|x64
		{157E4FB1-3082-3A57-B216-685198EC4DEE}.RelWithDebInfo|x64.ActiveCfg = RelWithDebInfo|x64
		{157E4FB1-3082-3A57-B216-685198EC4DEE}.RelWithDebInfo|x64.Build.0 = RelWithDebInfo|x64
		{D98CD681-48D1-3250-97A3-6659332F809C}.Debug|x64.ActiveCfg = Debug|x64
		{D98CD681-48D1-3250-97A3-6659332F809C}.Debug|x64.Build.0 = Debug|x64
		{D98CD681-48D1-3250-97A3-6659332F809C}.MinSizeRel|x64.ActiveCfg = MinSizeRel|x64
		{D98CD681-48D1-3250-97A3-6659332F809C}.MinSizeRel|x64.Build.0 = MinSizeRel|x64
		{D98CD681-48D1-3250-97A3-6659332F809C}.Release|x64.ActiveCfg = Release|x64
		{D98CD681-48D1-3250-97A3-6659332F809C}.Release|x64.Build.0 = Release|x64
		{D98CD681-48D1-3250-97A3-6659332F809C}.RelWithDebInfo|x64.ActiveCfg = RelWithDebInfo|x64
		{D98CD681-48D1-3250-97A3-6659332F809C}.RelWithDebInfo|x64.Build.0 = RelWithDebInfo|x64
		{8CCA9367-62BE-34FA-914C-657894719C49}.Debug|x64.ActiveCfg = Debug|x64
		{8CCA9367-62BE-34FA-914C-657894719C49}.Debug|x64.Build.0 = Debug|x64
		{8CCA9367-62BE-34FA-914C-657894719C49}.MinSizeRel|x64.ActiveCfg = MinSizeRel|x64
		{8CCA9367-62BE-34FA-914C-657894719C49}.MinSizeRel|x64.Build.0 = MinSizeRel|x64
		{8CCA9367-62BE-34FA-914C-657894719C49}.Release|x64.ActiveCfg = Release|x64
		{8CCA9367-62BE-34FA-914C-657894719C49}.Release|x64.Build.0 = Release|x64
		{8CCA9367-62BE-34FA-914C-657894719C49}.RelWithDebInfo|x64.ActiveCfg = RelWithDebInfo|x64
		{8CCA9367-62BE-34FA-914C-657894719C49}.RelWithDebInfo|x64.Build.0 = RelWithDebInfo|x64
	EndGlobalSection
	GlobalSection(SolutionProperties) = preSolution
		HideSolutionNode = FALSE
	EndGlobalSection
EndGlobal
